// !$*UTF8*$!
{
	archiveVersion = 1;
	classes = {
	};
	objectVersion = 56;
	objects = {

/* Begin PBXBuildFile section */
		049D99122905A0B8000B2FB8 /* main.swift in Sources */ = {isa = PBXBuildFile; fileRef = 049D99112905A0B8000B2FB8 /* main.swift */; };
		049D99252905DFC6000B2FB8 /* app2.swift in Sources */ = {isa = PBXBuildFile; fileRef = 049D99242905DFC6000B2FB8 /* app2.swift */; };
		049D992829066663000B2FB8 /* 1.swift in Sources */ = {isa = PBXBuildFile; fileRef = 049D992729066663000B2FB8 /* 1.swift */; };
		049D992A2906670D000B2FB8 /* 2.swift in Sources */ = {isa = PBXBuildFile; fileRef = 049D99292906670D000B2FB8 /* 2.swift */; };
		049D992C29066AD6000B2FB8 /* backend.swift in Sources */ = {isa = PBXBuildFile; fileRef = 049D992B29066AD6000B2FB8 /* backend.swift */; };
		049D99E6290BCBDD000B2FB8 /* дз2.swift in Sources */ = {isa = PBXBuildFile; fileRef = 049D99E5290BCBDD000B2FB8 /* дз2.swift */; };
/* End PBXBuildFile section */

/* Begin PBXCopyFilesBuildPhase section */
		049D990C2905A0B8000B2FB8 /* CopyFiles */ = {
			isa = PBXCopyFilesBuildPhase;
			buildActionMask = 2147483647;
			dstPath = /usr/share/man/man1/;
			dstSubfolderSpec = 0;
			files = (
			);
			runOnlyForDeploymentPostprocessing = 1;
		};
/* End PBXCopyFilesBuildPhase section */

/* Begin PBXFileReference section */
		049D990E2905A0B8000B2FB8 /* дом работау1 */ = {isa = PBXFileReference; explicitFileType = "compiled.mach-o.executable"; includeInIndex = 0; path = "дом работау1"; sourceTree = BUILT_PRODUCTS_DIR; };
		049D99112905A0B8000B2FB8 /* main.swift */ = {isa = PBXFileReference; lastKnownFileType = sourcecode.swift; path = main.swift; sourceTree = "<group>"; };
		049D99242905DFC6000B2FB8 /* app2.swift */ = {isa = PBXFileReference; lastKnownFileType = sourcecode.swift; path = app2.swift; sourceTree = "<group>"; };
		049D992729066663000B2FB8 /* 1.swift */ = {isa = PBXFileReference; lastKnownFileType = sourcecode.swift; path = 1.swift; sourceTree = "<group>"; };
		049D99292906670D000B2FB8 /* 2.swift */ = {isa = PBXFileReference; lastKnownFileType = sourcecode.swift; path = 2.swift; sourceTree = "<group>"; };
		049D992B29066AD6000B2FB8 /* backend.swift */ = {isa = PBXFileReference; lastKnownFileType = sourcecode.swift; path = backend.swift; sourceTree = "<group>"; };
		049D99E5290BCBDD000B2FB8 /* дз2.swift */ = {isa = PBXFileReference; lastKnownFileType = sourcecode.swift; path = "дз2.swift"; sourceTree = "<group>"; };
		049D99E9290BF91B000B2FB8 /* дом работау1 */ = {isa = PBXFileReference; lastKnownFileType = folder; name = "дом работау1"; sourceTree = "<group>"; };
/* End PBXFileReference section */

/* Begin PBXFrameworksBuildPhase section */
		049D990B2905A0B8000B2FB8 /* Frameworks */ = {
			isa = PBXFrameworksBuildPhase;
			buildActionMask = 2147483647;
			files = (
			);
			runOnlyForDeploymentPostprocessing = 0;
		};
/* End PBXFrameworksBuildPhase section */

/* Begin PBXGroup section */
		049D99052905A0B8000B2FB8 = {
			isa = PBXGroup;
			children = (
				049D99102905A0B8000B2FB8 /* дом работау1 */,
				049D990F2905A0B8000B2FB8 /* Products */,
			);
			sourceTree = "<group>";
		};
		049D990F2905A0B8000B2FB8 /* Products */ = {
			isa = PBXGroup;
			children = (
				049D990E2905A0B8000B2FB8 /* дом работау1 */,
			);
			name = Products;
			sourceTree = "<group>";
		};
		049D99102905A0B8000B2FB8 /* дом работау1 */ = {
			isa = PBXGroup;
			children = (
				049D99E9290BF91B000B2FB8 /* дом работау1 */,
				049D992629066643000B2FB8 /* дома работа номер! */,
				049D99292906670D000B2FB8 /* 2.swift */,
				049D99112905A0B8000B2FB8 /* main.swift */,
				049D99242905DFC6000B2FB8 /* app2.swift */,
				049D992729066663000B2FB8 /* 1.swift */,
				049D992B29066AD6000B2FB8 /* backend.swift */,
			);
			path = "дом работау1";
			sourceTree = "<group>";
		};
		049D992629066643000B2FB8 /* дома работа номер! */ = {
			isa = PBXGroup;
			children = (
				049D99E5290BCBDD000B2FB8 /* дз2.swift */,
			);
			path = "дома работа номер!";
			sourceTree = "<group>";
		};
/* End PBXGroup section */

/* Begin PBXNativeTarget section */
		049D990D2905A0B8000B2FB8 /* дом работау1 */ = {
			isa = PBXNativeTarget;
			buildConfigurationList = 049D99152905A0B8000B2FB8 /* Build configuration list for PBXNativeTarget "дом работау1" */;
			buildPhases = (
				049D990A2905A0B8000B2FB8 /* Sources */,
				049D990B2905A0B8000B2FB8 /* Frameworks */,
				049D990C2905A0B8000B2FB8 /* CopyFiles */,
			);
			buildRules = (
			);
			dependencies = (
			);
			name = "дом работау1";
			productName = "дом работау1";
			productReference = 049D990E2905A0B8000B2FB8 /* дом работау1 */;
			productType = "com.apple.product-type.tool";
		};
/* End PBXNativeTarget section */

/* Begin PBXProject section */
		049D99062905A0B8000B2FB8 /* Project object */ = {
			isa = PBXProject;
			attributes = {
				BuildIndependentTargetsInParallel = 1;
				LastSwiftUpdateCheck = 1400;
				LastUpgradeCheck = 1400;
				TargetAttributes = {
					049D990D2905A0B8000B2FB8 = {
						CreatedOnToolsVersion = 14.0;
					};
				};
			};
			buildConfigurationList = 049D99092905A0B8000B2FB8 /* Build configuration list for PBXProject "дом работау1" */;
			compatibilityVersion = "Xcode 14.0";
			developmentRegion = en;
			hasScannedForEncodings = 0;
			knownRegions = (
				en,
				Base,
			);
			mainGroup = 049D99052905A0B8000B2FB8;
			productRefGroup = 049D990F2905A0B8000B2FB8 /* Products */;
			projectDirPath = "";
			projectRoot = "";
			targets = (
				049D990D2905A0B8000B2FB8 /* дом работау1 */,
			);
		};
/* End PBXProject section */

/* Begin PBXSourcesBuildPhase section */
		049D990A2905A0B8000B2FB8 /* Sources */ = {
			isa = PBXSourcesBuildPhase;
			buildActionMask = 2147483647;
			files = (
				049D992A2906670D000B2FB8 /* 2.swift in Sources */,
				049D99122905A0B8000B2FB8 /* main.swift in Sources */,
				049D99252905DFC6000B2FB8 /* app2.swift in Sources */,
				049D992C29066AD6000B2FB8 /* backend.swift in Sources */,
				049D992829066663000B2FB8 /* 1.swift in Sources */,
				049D99E6290BCBDD000B2FB8 /* дз2.swift in Sources */,
			);
			runOnlyForDeploymentPostprocessing = 0;
		};
/* End PBXSourcesBuildPhase section */

/* Begin XCBuildConfiguration section */
		049D99132905A0B8000B2FB8 /* Debug */ = {
			isa = XCBuildConfiguration;
			buildSettings = {
				ALWAYS_SEARCH_USER_PATHS = NO;
				CLANG_ANALYZER_NONNULL = YES;
				CLANG_ANALYZER_NUMBER_OBJECT_CONVERSION = YES_AGGRESSIVE;
				CLANG_CXX_LANGUAGE_STANDARD = "gnu++20";
				CLANG_ENABLE_MODULES = YES;
				CLANG_ENABLE_OBJC_ARC = YES;
				CLANG_ENABLE_OBJC_WEAK = YES;
				CLANG_WARN_BLOCK_CAPTURE_AUTORELEASING = YES;
				CLANG_WARN_BOOL_CONVERSION = YES;
				CLANG_WARN_COMMA = YES;
				CLANG_WARN_CONSTANT_CONVERSION = YES;
				CLANG_WARN_DEPRECATED_OBJC_IMPLEMENTATIONS = YES;
				CLANG_WARN_DIRECT_OBJC_ISA_USAGE = YES_ERROR;
				CLANG_WARN_DOCUMENTATION_COMMENTS = YES;
				CLANG_WARN_EMPTY_BODY = YES;
				CLANG_WARN_ENUM_CONVERSION = YES;
				CLANG_WARN_INFINITE_RECURSION = YES;
				CLANG_WARN_INT_CONVERSION = YES;
				CLANG_WARN_NON_LITERAL_NULL_CONVERSION = YES;
				CLANG_WARN_OBJC_IMPLICIT_RETAIN_SELF = YES;
				CLANG_WARN_OBJC_LITERAL_CONVERSION = YES;
				CLANG_WARN_OBJC_ROOT_CLASS = YES_ERROR;
				CLANG_WARN_QUOTED_INCLUDE_IN_FRAMEWORK_HEADER = YES;
				CLANG_WARN_RANGE_LOOP_ANALYSIS = YES;
				CLANG_WARN_STRICT_PROTOTYPES = YES;
				CLANG_WARN_SUSPICIOUS_MOVE = YES;
				CLANG_WARN_UNGUARDED_AVAILABILITY = YES_AGGRESSIVE;
				CLANG_WARN_UNREACHABLE_CODE = YES;
				CLANG_WARN__DUPLICATE_METHOD_MATCH = YES;
				COPY_PHASE_STRIP = NO;
				DEBUG_INFORMATION_FORMAT = dwarf;
				ENABLE_STRICT_OBJC_MSGSEND = YES;
				ENABLE_TESTABILITY = YES;
				GCC_C_LANGUAGE_STANDARD = gnu11;
				GCC_DYNAMIC_NO_PIC = NO;
				GCC_NO_COMMON_BLOCKS = YES;
				GCC_OPTIMIZATION_LEVEL = 0;
				GCC_PREPROCESSOR_DEFINITIONS = (
					"DEBUG=1",
					"$(inherited)",
				);
				GCC_WARN_64_TO_32_BIT_CONVERSION = YES;
				GCC_WARN_ABOUT_RETURN_TYPE = YES_ERROR;
				GCC_WARN_UNDECLARED_SELECTOR = YES;
				GCC_WARN_UNINITIALIZED_AUTOS = YES_AGGRESSIVE;
				GCC_WARN_UNUSED_FUNCTION = YES;
				GCC_WARN_UNUSED_VARIABLE = YES;
				MACOSX_DEPLOYMENT_TARGET = 12.3;
				MTL_ENABLE_DEBUG_INFO = INCLUDE_SOURCE;
				MTL_FAST_MATH = YES;
				ONLY_ACTIVE_ARCH = YES;
				SDKROOT = macosx;
				SWIFT_ACTIVE_COMPILATION_CONDITIONS = DEBUG;
				SWIFT_OPTIMIZATION_LEVEL = "-Onone";
			};
			name = Debug;
		};
		049D99142905A0B8000B2FB8 /* Release */ = {
			isa = XCBuildConfiguration;
			buildSettings = {
				ALWAYS_SEARCH_USER_PATHS = NO;
				CLANG_ANALYZER_NONNULL = YES;
				CLANG_ANALYZER_NUMBER_OBJECT_CONVERSION = YES_AGGRESSIVE;
				CLANG_CXX_LANGUAGE_STANDARD = "gnu++20";
				CLANG_ENABLE_MODULES = YES;
				CLANG_ENABLE_OBJC_ARC = YES;
				CLANG_ENABLE_OBJC_WEAK = YES;
				CLANG_WARN_BLOCK_CAPTURE_AUTORELEASING = YES;
				CLANG_WARN_BOOL_CONVERSION = YES;
				CLANG_WARN_COMMA = YES;
				CLANG_WARN_CONSTANT_CONVERSION = YES;
				CLANG_WARN_DEPRECATED_OBJC_IMPLEMENTATIONS = YES;
				CLANG_WARN_DIRECT_OBJC_ISA_USAGE = YES_ERROR;
				CLANG_WARN_DOCUMENTATION_COMMENTS = YES;
				CLANG_WARN_EMPTY_BODY = YES;
				CLANG_WARN_ENUM_CONVERSION = YES;
				CLANG_WARN_INFINITE_RECURSION = YES;
				CLANG_WARN_INT_CONVERSION = YES;
				CLANG_WARN_NON_LITERAL_NULL_CONVERSION = YES;
				CLANG_WARN_OBJC_IMPLICIT_RETAIN_SELF = YES;
				CLANG_WARN_OBJC_LITERAL_CONVERSION = YES;
				CLANG_WARN_OBJC_ROOT_CLASS = YES_ERROR;
				CLANG_WARN_QUOTED_INCLUDE_IN_FRAMEWORK_HEADER = YES;
				CLANG_WARN_RANGE_LOOP_ANALYSIS = YES;
				CLANG_WARN_STRICT_PROTOTYPES = YES;
				CLANG_WARN_SUSPICIOUS_MOVE = YES;
				CLANG_WARN_UNGUARDED_AVAILABILITY = YES_AGGRESSIVE;
				CLANG_WARN_UNREACHABLE_CODE = YES;
				CLANG_WARN__DUPLICATE_METHOD_MATCH = YES;
				COPY_PHASE_STRIP = NO;
				DEBUG_INFORMATION_FORMAT = "dwarf-with-dsym";
				ENABLE_NS_ASSERTIONS = NO;
				ENABLE_STRICT_OBJC_MSGSEND = YES;
				GCC_C_LANGUAGE_STANDARD = gnu11;
				GCC_NO_COMMON_BLOCKS = YES;
				GCC_WARN_64_TO_32_BIT_CONVERSION = YES;
				GCC_WARN_ABOUT_RETURN_TYPE = YES_ERROR;
				GCC_WARN_UNDECLARED_SELECTOR = YES;
				GCC_WARN_UNINITIALIZED_AUTOS = YES_AGGRESSIVE;
				GCC_WARN_UNUSED_FUNCTION = YES;
				GCC_WARN_UNUSED_VARIABLE = YES;
				MACOSX_DEPLOYMENT_TARGET = 12.3;
				MTL_ENABLE_DEBUG_INFO = NO;
				MTL_FAST_MATH = YES;
				SDKROOT = macosx;
				SWIFT_COMPILATION_MODE = wholemodule;
				SWIFT_OPTIMIZATION_LEVEL = "-O";
			};
			name = Release;
		};
		049D99162905A0B8000B2FB8 /* Debug */ = {
			isa = XCBuildConfiguration;
			buildSettings = {
				CODE_SIGN_STYLE = Automatic;
				DEVELOPMENT_TEAM = TU4A85R5R3;
				ENABLE_HARDENED_RUNTIME = YES;
				PRODUCT_NAME = "$(TARGET_NAME)";
				SWIFT_VERSION = 5.0;
			};
			name = Debug;
		};
		049D99172905A0B8000B2FB8 /* Release */ = {
			isa = XCBuildConfiguration;
			buildSettings = {
				CODE_SIGN_STYLE = Automatic;
				DEVELOPMENT_TEAM = TU4A85R5R3;
				ENABLE_HARDENED_RUNTIME = YES;
				PRODUCT_NAME = "$(TARGET_NAME)";
				SWIFT_VERSION = 5.0;
			};
			name = Release;
		};
/* End XCBuildConfiguration section */

/* Begin XCConfigurationList section */
		049D99092905A0B8000B2FB8 /* Build configuration list for PBXProject "дом работау1" */ = {
			isa = XCConfigurationList;
			buildConfigurations = (
				049D99132905A0B8000B2FB8 /* Debug */,
				049D99142905A0B8000B2FB8 /* Release */,
			);
			defaultConfigurationIsVisible = 0;
			defaultConfigurationName = Release;
		};
		049D99152905A0B8000B2FB8 /* Build configuration list for PBXNativeTarget "дом работау1" */ = {
			isa = XCConfigurationList;
			buildConfigurations = (
				049D99162905A0B8000B2FB8 /* Debug */,
				049D99172905A0B8000B2FB8 /* Release */,
			);
			defaultConfigurationIsVisible = 0;
			defaultConfigurationName = Release;
		};
/* End XCConfigurationList section */
	};
	rootObject = 049D99062905A0B8000B2FB8 /* Project object */;
}
